
Microsoft Visual Studio Solution File, Format Version 12.00
# Visual Studio Version 17
VisualStudioVersion = 17.5.002.0
MinimumVisualStudioVersion = 10.0.40219.1
Project("{9A19103F-16F7-4668-BE54-9A1E7A4F7556}") = "APL2003", "APL2003.csproj", "{EC524CE2-EF18-4FDE-87F1-556C967232CC}"
EndProject
Global
	GlobalSection(SolutionConfigurationPlatforms) = preSolution
		Debug|Any CPU = Debug|Any CPU
		Release|Any CPU = Release|Any CPU
	EndGlobalSection
	GlobalSection(ProjectConfigurationPlatforms) = postSolution
		{EC524CE2-EF18-4FDE-87F1-556C967232CC}.Debug|Any CPU.ActiveCfg = Debug|Any CPU
		{EC524CE2-EF18-4FDE-87F1-556C967232CC}.Debug|Any CPU.Build.0 = Debug|Any CPU
		{EC524CE2-EF18-4FDE-87F1-556C967232CC}.Release|Any CPU.ActiveCfg = Release|Any CPU
		{EC524CE2-EF18-4FDE-87F1-556C967232CC}.Release|Any CPU.Build.0 = Release|Any CPU
	EndGlobalSection
	GlobalSection(SolutionProperties) = preSolution
		HideSolutionNode = FALSE
	EndGlobalSection
	GlobalSection(ExtensibilityGlobals) = postSolution
		SolutionGuid = {606D02BB-F428-4227-AC8D-E731270DDE46}
	EndGlobalSection
EndGlobal
